---
schema: '2.0'
stages:
  build:
    cmd: Rscript R/build.R
    deps:
    - hash: md5
      md5: 7c0bee8be58593732fc1f18b15b84fd1
      path: R/build.R
      size: 2101
    outs:
    - hash: md5
      md5: 65f77509daf7832f4cab84d0ce306721.dir
      nfiles: 9
      path: brick/
      size: 23311127
  download:
    cmd: Rscript R/download.R
    deps:
    - md5: 993c2567e8e873009571a69e4db3644a
      path: R/download.R
      size: 5696
    outs:
    - md5: 465434e889de2ef46d7b5fdf84a6a006.dir
      nfiles: 9
      path: download/
      size: 262436172
