schema: '2.0'
stages:
  build:
    cmd: Rscript R/build.R
    deps:
    - path: R/build.R
      hash: md5
      md5: 50f0c9f66771ce00d1a09d507a7b4267
      size: 1904
    outs:
    - path: brick/
      hash: md5
      md5: bf3d9427a77306d5e821bd66fec2b7f3.dir
      size: 23311231
      nfiles: 9
  download:
    cmd: Rscript R/download.R
    deps:
    - md5: 993c2567e8e873009571a69e4db3644a
      path: R/download.R
      size: 5696
    outs:
    - md5: 465434e889de2ef46d7b5fdf84a6a006.dir
      nfiles: 9
      path: download/
      size: 262436172
